golang.org/x/crypto v0.2.0 h1:BRXPfhNivWL5Yq0BGQ39a2sW6t44aODpfxkWjYdzewE=
golang.org/x/crypto v0.2.0/go.mod h1:hebNnKkNXi2UzZN1eVRvBB7co0a+JxK6XbPiWVs/3J4=
golang.org/x/exp v0.0.0-20221114191408-850992195362 h1:NoHlPRbyl1VFI6FjwHtPQCN7wAMXI6cKcqrmXhOOfBQ=
golang.org/x/exp v0.0.0-20221114191408-850992195362/go.mod h1:CxIveKay+FTh1D0yPZemJVgC/95VzuuOLq5Qi4xnoYc=
